// !$*UTF8*$!
{
	archiveVersion = 1;
	classes = {
	};
	objectVersion = 56;
	objects = {

/* Begin PBXBuildFile section */
		C1338F1729CD5A40002DB5AE /* SignUpViewController.swift in Sources */ = {isa = PBXBuildFile; fileRef = C1338F1629CD5A40002DB5AE /* SignUpViewController.swift */; };
		C164158129CC1A6C00493A92 /* AppDelegate.swift in Sources */ = {isa = PBXBuildFile; fileRef = C164158029CC1A6C00493A92 /* AppDelegate.swift */; };
		C164158329CC1A6C00493A92 /* SceneDelegate.swift in Sources */ = {isa = PBXBuildFile; fileRef = C164158229CC1A6C00493A92 /* SceneDelegate.swift */; };
		C164158529CC1A6C00493A92 /* SignInViewController.swift in Sources */ = {isa = PBXBuildFile; fileRef = C164158429CC1A6C00493A92 /* SignInViewController.swift */; };
		C164158829CC1A6C00493A92 /* Main.storyboard in Resources */ = {isa = PBXBuildFile; fileRef = C164158629CC1A6C00493A92 /* Main.storyboard */; };
		C164158B29CC1A6C00493A92 /* FireBaseSample.xcdatamodeld in Sources */ = {isa = PBXBuildFile; fileRef = C164158929CC1A6C00493A92 /* FireBaseSample.xcdatamodeld */; };
		C164158D29CC1A6F00493A92 /* Assets.xcassets in Resources */ = {isa = PBXBuildFile; fileRef = C164158C29CC1A6F00493A92 /* Assets.xcassets */; };
		C164159029CC1A6F00493A92 /* LaunchScreen.storyboard in Resources */ = {isa = PBXBuildFile; fileRef = C164158E29CC1A6F00493A92 /* LaunchScreen.storyboard */; };
		C1D6DB4629CD635800070080 /* GoogleService-Info.plist in Resources */ = {isa = PBXBuildFile; fileRef = C1D6DB4529CD635800070080 /* GoogleService-Info.plist */; };
		C1D6DB4929CD699D00070080 /* FirebaseAuth in Frameworks */ = {isa = PBXBuildFile; productRef = C1D6DB4829CD699D00070080 /* FirebaseAuth */; };
/* End PBXBuildFile section */

/* Begin PBXFileReference section */
		C1338F1629CD5A40002DB5AE /* SignUpViewController.swift */ = {isa = PBXFileReference; lastKnownFileType = sourcecode.swift; path = SignUpViewController.swift; sourceTree = "<group>"; };
		C164157D29CC1A6C00493A92 /* FireBaseSample.app */ = {isa = PBXFileReference; explicitFileType = wrapper.application; includeInIndex = 0; path = FireBaseSample.app; sourceTree = BUILT_PRODUCTS_DIR; };
		C164158029CC1A6C00493A92 /* AppDelegate.swift */ = {isa = PBXFileReference; lastKnownFileType = sourcecode.swift; path = AppDelegate.swift; sourceTree = "<group>"; };
		C164158229CC1A6C00493A92 /* SceneDelegate.swift */ = {isa = PBXFileReference; lastKnownFileType = sourcecode.swift; path = SceneDelegate.swift; sourceTree = "<group>"; };
		C164158429CC1A6C00493A92 /* SignInViewController.swift */ = {isa = PBXFileReference; lastKnownFileType = sourcecode.swift; path = SignInViewController.swift; sourceTree = "<group>"; };
		C164158729CC1A6C00493A92 /* Base */ = {isa = PBXFileReference; lastKnownFileType = file.storyboard; name = Base; path = Base.lproj/Main.storyboard; sourceTree = "<group>"; };
		C164158A29CC1A6C00493A92 /* FireBaseSample.xcdatamodel */ = {isa = PBXFileReference; lastKnownFileType = wrapper.xcdatamodel; path = FireBaseSample.xcdatamodel; sourceTree = "<group>"; };
		C164158C29CC1A6F00493A92 /* Assets.xcassets */ = {isa = PBXFileReference; lastKnownFileType = folder.assetcatalog; path = Assets.xcassets; sourceTree = "<group>"; };
		C164158F29CC1A6F00493A92 /* Base */ = {isa = PBXFileReference; lastKnownFileType = file.storyboard; name = Base; path = Base.lproj/LaunchScreen.storyboard; sourceTree = "<group>"; };
		C164159129CC1A6F00493A92 /* Info.plist */ = {isa = PBXFileReference; lastKnownFileType = text.plist.xml; path = Info.plist; sourceTree = "<group>"; };
		C1D6DB4529CD635800070080 /* GoogleService-Info.plist */ = {isa = PBXFileReference; fileEncoding = 4; lastKnownFileType = text.plist.xml; path = "GoogleService-Info.plist"; sourceTree = "<group>"; };
/* End PBXFileReference section */

/* Begin PBXFrameworksBuildPhase section */
		C164157A29CC1A6C00493A92 /* Frameworks */ = {
			isa = PBXFrameworksBuildPhase;
			buildActionMask = 2147483647;
			files = (
				C1D6DB4929CD699D00070080 /* FirebaseAuth in Frameworks */,
			);
			runOnlyForDeploymentPostprocessing = 0;
		};
/* End PBXFrameworksBuildPhase section */

/* Begin PBXGroup section */
		C164157429CC1A6B00493A92 = {
			isa = PBXGroup;
			children = (
				C164157F29CC1A6C00493A92 /* FireBaseSample */,
				C164157E29CC1A6C00493A92 /* Products */,
			);
			sourceTree = "<group>";
		};
		C164157E29CC1A6C00493A92 /* Products */ = {
			isa = PBXGroup;
			children = (
				C164157D29CC1A6C00493A92 /* FireBaseSample.app */,
			);
			name = Products;
			sourceTree = "<group>";
		};
		C164157F29CC1A6C00493A92 /* FireBaseSample */ = {
			isa = PBXGroup;
			children = (
				C164158029CC1A6C00493A92 /* AppDelegate.swift */,
				C164158229CC1A6C00493A92 /* SceneDelegate.swift */,
				C164158429CC1A6C00493A92 /* SignInViewController.swift */,
				C1338F1629CD5A40002DB5AE /* SignUpViewController.swift */,
				C1D6DB4529CD635800070080 /* GoogleService-Info.plist */,
				C164158629CC1A6C00493A92 /* Main.storyboard */,
				C164158C29CC1A6F00493A92 /* Assets.xcassets */,
				C164158E29CC1A6F00493A92 /* LaunchScreen.storyboard */,
				C164159129CC1A6F00493A92 /* Info.plist */,
				C164158929CC1A6C00493A92 /* FireBaseSample.xcdatamodeld */,
			);
			path = FireBaseSample;
			sourceTree = "<group>";
		};
/* End PBXGroup section */

/* Begin PBXNativeTarget section */
		C164157C29CC1A6C00493A92 /* FireBaseSample */ = {
			isa = PBXNativeTarget;
			buildConfigurationList = C164159429CC1A6F00493A92 /* Build configuration list for PBXNativeTarget "FireBaseSample" */;
			buildPhases = (
				C164157929CC1A6C00493A92 /* Sources */,
				C164157A29CC1A6C00493A92 /* Frameworks */,
				C164157B29CC1A6C00493A92 /* Resources */,
			);
			buildRules = (
			);
			dependencies = (
			);
			name = FireBaseSample;
			packageProductDependencies = (
				C1D6DB4829CD699D00070080 /* FirebaseAuth */,
			);
			productName = FireBaseSample;
			productReference = C164157D29CC1A6C00493A92 /* FireBaseSample.app */;
			productType = "com.apple.product-type.application";
		};
/* End PBXNativeTarget section */

/* Begin PBXProject section */
		C164157529CC1A6B00493A92 /* Project object */ = {
			isa = PBXProject;
			attributes = {
				BuildIndependentTargetsInParallel = 1;
				LastSwiftUpdateCheck = 1420;
				LastUpgradeCheck = 1420;
				TargetAttributes = {
					C164157C29CC1A6C00493A92 = {
						CreatedOnToolsVersion = 14.2;
					};
				};
			};
			buildConfigurationList = C164157829CC1A6B00493A92 /* Build configuration list for PBXProject "FireBaseSample" */;
			compatibilityVersion = "Xcode 14.0";
			developmentRegion = en;
			hasScannedForEncodings = 0;
			knownRegions = (
				en,
				Base,
			);
			mainGroup = C164157429CC1A6B00493A92;
			packageReferences = (
				C1D6DB4729CD699D00070080 /* XCRemoteSwiftPackageReference "firebase-ios-sdk" */,
			);
			productRefGroup = C164157E29CC1A6C00493A92 /* Products */;
			projectDirPath = "";
			projectRoot = "";
			targets = (
				C164157C29CC1A6C00493A92 /* FireBaseSample */,
			);
		};
/* End PBXProject section */

/* Begin PBXResourcesBuildPhase section */
		C164157B29CC1A6C00493A92 /* Resources */ = {
			isa = PBXResourcesBuildPhase;
			buildActionMask = 2147483647;
			files = (
				C164159029CC1A6F00493A92 /* LaunchScreen.storyboard in Resources */,
				C1D6DB4629CD635800070080 /* GoogleService-Info.plist in Resources */,
				C164158D29CC1A6F00493A92 /* Assets.xcassets in Resources */,
				C164158829CC1A6C00493A92 /* Main.storyboard in Resources */,
			);
			runOnlyForDeploymentPostprocessing = 0;
		};
/* End PBXResourcesBuildPhase section */

/* Begin PBXSourcesBuildPhase section */
		C164157929CC1A6C00493A92 /* Sources */ = {
			isa = PBXSourcesBuildPhase;
			buildActionMask = 2147483647;
			files = (
				C164158529CC1A6C00493A92 /* SignInViewController.swift in Sources */,
				C164158129CC1A6C00493A92 /* AppDelegate.swift in Sources */,
				C164158B29CC1A6C00493A92 /* FireBaseSample.xcdatamodeld in Sources */,
				C164158329CC1A6C00493A92 /* SceneDelegate.swift in Sources */,
				C1338F1729CD5A40002DB5AE /* SignUpViewController.swift in Sources */,
			);
			runOnlyForDeploymentPostprocessing = 0;
		};
/* End PBXSourcesBuildPhase section */

/* Begin PBXVariantGroup section */
		C164158629CC1A6C00493A92 /* Main.storyboard */ = {
			isa = PBXVariantGroup;
			children = (
				C164158729CC1A6C00493A92 /* Base */,
			);
			name = Main.storyboard;
			sourceTree = "<group>";
		};
		C164158E29CC1A6F00493A92 /* LaunchScreen.storyboard */ = {
			isa = PBXVariantGroup;
			children = (
				C164158F29CC1A6F00493A92 /* Base */,
			);
			name = LaunchScreen.storyboard;
			sourceTree = "<group>";
		};
/* End PBXVariantGroup section */

/* Begin XCBuildConfiguration section */
		C164159229CC1A6F00493A92 /* Debug */ = {
			isa = XCBuildConfiguration;
			buildSettings = {
				ALWAYS_SEARCH_USER_PATHS = NO;
				CLANG_ANALYZER_NONNULL = YES;
				CLANG_ANALYZER_NUMBER_OBJECT_CONVERSION = YES_AGGRESSIVE;
				CLANG_CXX_LANGUAGE_STANDARD = "gnu++20";
				CLANG_ENABLE_MODULES = YES;
				CLANG_ENABLE_OBJC_ARC = YES;
				CLANG_ENABLE_OBJC_WEAK = YES;
				CLANG_WARN_BLOCK_CAPTURE_AUTORELEASING = YES;
				CLANG_WARN_BOOL_CONVERSION = YES;
				CLANG_WARN_COMMA = YES;
				CLANG_WARN_CONSTANT_CONVERSION = YES;
				CLANG_WARN_DEPRECATED_OBJC_IMPLEMENTATIONS = YES;
				CLANG_WARN_DIRECT_OBJC_ISA_USAGE = YES_ERROR;
				CLANG_WARN_DOCUMENTATION_COMMENTS = YES;
				CLANG_WARN_EMPTY_BODY = YES;
				CLANG_WARN_ENUM_CONVERSION = YES;
				CLANG_WARN_INFINITE_RECURSION = YES;
				CLANG_WARN_INT_CONVERSION = YES;
				CLANG_WARN_NON_LITERAL_NULL_CONVERSION = YES;
				CLANG_WARN_OBJC_IMPLICIT_RETAIN_SELF = YES;
				CLANG_WARN_OBJC_LITERAL_CONVERSION = YES;
				CLANG_WARN_OBJC_ROOT_CLASS = YES_ERROR;
				CLANG_WARN_QUOTED_INCLUDE_IN_FRAMEWORK_HEADER = YES;
				CLANG_WARN_RANGE_LOOP_ANALYSIS = YES;
				CLANG_WARN_STRICT_PROTOTYPES = YES;
				CLANG_WARN_SUSPICIOUS_MOVE = YES;
				CLANG_WARN_UNGUARDED_AVAILABILITY = YES_AGGRESSIVE;
				CLANG_WARN_UNREACHABLE_CODE = YES;
				CLANG_WARN__DUPLICATE_METHOD_MATCH = YES;
				COPY_PHASE_STRIP = NO;
				DEBUG_INFORMATION_FORMAT = dwarf;
				ENABLE_STRICT_OBJC_MSGSEND = YES;
				ENABLE_TESTABILITY = YES;
				GCC_C_LANGUAGE_STANDARD = gnu11;
				GCC_DYNAMIC_NO_PIC = NO;
				GCC_NO_COMMON_BLOCKS = YES;
				GCC_OPTIMIZATION_LEVEL = 0;
				GCC_PREPROCESSOR_DEFINITIONS = (
					"DEBUG=1",
					"$(inherited)",
				);
				GCC_WARN_64_TO_32_BIT_CONVERSION = YES;
				GCC_WARN_ABOUT_RETURN_TYPE = YES_ERROR;
				GCC_WARN_UNDECLARED_SELECTOR = YES;
				GCC_WARN_UNINITIALIZED_AUTOS = YES_AGGRESSIVE;
				GCC_WARN_UNUSED_FUNCTION = YES;
				GCC_WARN_UNUSED_VARIABLE = YES;
				IPHONEOS_DEPLOYMENT_TARGET = 16.2;
				MTL_ENABLE_DEBUG_INFO = INCLUDE_SOURCE;
				MTL_FAST_MATH = YES;
				ONLY_ACTIVE_ARCH = YES;
				SDKROOT = iphoneos;
				SWIFT_ACTIVE_COMPILATION_CONDITIONS = DEBUG;
				SWIFT_OPTIMIZATION_LEVEL = "-Onone";
			};
			name = Debug;
		};
		C164159329CC1A6F00493A92 /* Release */ = {
			isa = XCBuildConfiguration;
			buildSettings = {
				ALWAYS_SEARCH_USER_PATHS = NO;
				CLANG_ANALYZER_NONNULL = YES;
				CLANG_ANALYZER_NUMBER_OBJECT_CONVERSION = YES_AGGRESSIVE;
				CLANG_CXX_LANGUAGE_STANDARD = "gnu++20";
				CLANG_ENABLE_MODULES = YES;
				CLANG_ENABLE_OBJC_ARC = YES;
				CLANG_ENABLE_OBJC_WEAK = YES;
				CLANG_WARN_BLOCK_CAPTURE_AUTORELEASING = YES;
				CLANG_WARN_BOOL_CONVERSION = YES;
				CLANG_WARN_COMMA = YES;
				CLANG_WARN_CONSTANT_CONVERSION = YES;
				CLANG_WARN_DEPRECATED_OBJC_IMPLEMENTATIONS = YES;
				CLANG_WARN_DIRECT_OBJC_ISA_USAGE = YES_ERROR;
				CLANG_WARN_DOCUMENTATION_COMMENTS = YES;
				CLANG_WARN_EMPTY_BODY = YES;
				CLANG_WARN_ENUM_CONVERSION = YES;
				CLANG_WARN_INFINITE_RECURSION = YES;
				CLANG_WARN_INT_CONVERSION = YES;
				CLANG_WARN_NON_LITERAL_NULL_CONVERSION = YES;
				CLANG_WARN_OBJC_IMPLICIT_RETAIN_SELF = YES;
				CLANG_WARN_OBJC_LITERAL_CONVERSION = YES;
				CLANG_WARN_OBJC_ROOT_CLASS = YES_ERROR;
				CLANG_WARN_QUOTED_INCLUDE_IN_FRAMEWORK_HEADER = YES;
				CLANG_WARN_RANGE_LOOP_ANALYSIS = YES;
				CLANG_WARN_STRICT_PROTOTYPES = YES;
				CLANG_WARN_SUSPICIOUS_MOVE = YES;
				CLANG_WARN_UNGUARDED_AVAILABILITY = YES_AGGRESSIVE;
				CLANG_WARN_UNREACHABLE_CODE = YES;
				CLANG_WARN__DUPLICATE_METHOD_MATCH = YES;
				COPY_PHASE_STRIP = NO;
				DEBUG_INFORMATION_FORMAT = "dwarf-with-dsym";
				ENABLE_NS_ASSERTIONS = NO;
				ENABLE_STRICT_OBJC_MSGSEND = YES;
				GCC_C_LANGUAGE_STANDARD = gnu11;
				GCC_NO_COMMON_BLOCKS = YES;
				GCC_WARN_64_TO_32_BIT_CONVERSION = YES;
				GCC_WARN_ABOUT_RETURN_TYPE = YES_ERROR;
				GCC_WARN_UNDECLARED_SELECTOR = YES;
				GCC_WARN_UNINITIALIZED_AUTOS = YES_AGGRESSIVE;
				GCC_WARN_UNUSED_FUNCTION = YES;
				GCC_WARN_UNUSED_VARIABLE = YES;
				IPHONEOS_DEPLOYMENT_TARGET = 16.2;
				MTL_ENABLE_DEBUG_INFO = NO;
				MTL_FAST_MATH = YES;
				SDKROOT = iphoneos;
				SWIFT_COMPILATION_MODE = wholemodule;
				SWIFT_OPTIMIZATION_LEVEL = "-O";
				VALIDATE_PRODUCT = YES;
			};
			name = Release;
		};
		C164159529CC1A6F00493A92 /* Debug */ = {
			isa = XCBuildConfiguration;
			buildSettings = {
				ASSETCATALOG_COMPILER_APPICON_NAME = AppIcon;
				ASSETCATALOG_COMPILER_GLOBAL_ACCENT_COLOR_NAME = AccentColor;
				CODE_SIGN_STYLE = Automatic;
				CURRENT_PROJECT_VERSION = 1;
				DEVELOPMENT_TEAM = FC2H7BL22V;
				GENERATE_INFOPLIST_FILE = YES;
				INFOPLIST_FILE = FireBaseSample/Info.plist;
				INFOPLIST_KEY_UIApplicationSupportsIndirectInputEvents = YES;
				INFOPLIST_KEY_UILaunchStoryboardName = LaunchScreen;
				INFOPLIST_KEY_UIMainStoryboardFile = Main;
				INFOPLIST_KEY_UISupportedInterfaceOrientations_iPad = "UIInterfaceOrientationPortrait UIInterfaceOrientationPortraitUpsideDown UIInterfaceOrientationLandscapeLeft UIInterfaceOrientationLandscapeRight";
				INFOPLIST_KEY_UISupportedInterfaceOrientations_iPhone = "UIInterfaceOrientationPortrait UIInterfaceOrientationLandscapeLeft UIInterfaceOrientationLandscapeRight";
				LD_RUNPATH_SEARCH_PATHS = (
					"$(inherited)",
					"@executable_path/Frameworks",
				);
				MARKETING_VERSION = 1.0;
				PRODUCT_BUNDLE_IDENTIFIER = com.zoople.snapchat.FireBaseSample;
				PRODUCT_NAME = "$(TARGET_NAME)";
				SWIFT_EMIT_LOC_STRINGS = YES;
				SWIFT_VERSION = 5.0;
				TARGETED_DEVICE_FAMILY = "1,2";
			};
			name = Debug;
		};
		C164159629CC1A6F00493A92 /* Release */ = {
			isa = XCBuildConfiguration;
			buildSettings = {
				ASSETCATALOG_COMPILER_APPICON_NAME = AppIcon;
				ASSETCATALOG_COMPILER_GLOBAL_ACCENT_COLOR_NAME = AccentColor;
				CODE_SIGN_STYLE = Automatic;
				CURRENT_PROJECT_VERSION = 1;
				DEVELOPMENT_TEAM = FC2H7BL22V;
				GENERATE_INFOPLIST_FILE = YES;
				INFOPLIST_FILE = FireBaseSample/Info.plist;
				INFOPLIST_KEY_UIApplicationSupportsIndirectInputEvents = YES;
				INFOPLIST_KEY_UILaunchStoryboardName = LaunchScreen;
				INFOPLIST_KEY_UIMainStoryboardFile = Main;
				INFOPLIST_KEY_UISupportedInterfaceOrientations_iPad = "UIInterfaceOrientationPortrait UIInterfaceOrientationPortraitUpsideDown UIInterfaceOrientationLandscapeLeft UIInterfaceOrientationLandscapeRight";
				INFOPLIST_KEY_UISupportedInterfaceOrientations_iPhone = "UIInterfaceOrientationPortrait UIInterfaceOrientationLandscapeLeft UIInterfaceOrientationLandscapeRight";
				LD_RUNPATH_SEARCH_PATHS = (
					"$(inherited)",
					"@executable_path/Frameworks",
				);
				MARKETING_VERSION = 1.0;
				PRODUCT_BUNDLE_IDENTIFIER = com.zoople.snapchat.FireBaseSample;
				PRODUCT_NAME = "$(TARGET_NAME)";
				SWIFT_EMIT_LOC_STRINGS = YES;
				SWIFT_VERSION = 5.0;
				TARGETED_DEVICE_FAMILY = "1,2";
			};
			name = Release;
		};
/* End XCBuildConfiguration section */

/* Begin XCConfigurationList section */
		C164157829CC1A6B00493A92 /* Build configuration list for PBXProject "FireBaseSample" */ = {
			isa = XCConfigurationList;
			buildConfigurations = (
				C164159229CC1A6F00493A92 /* Debug */,
				C164159329CC1A6F00493A92 /* Release */,
			);
			defaultConfigurationIsVisible = 0;
			defaultConfigurationName = Release;
		};
		C164159429CC1A6F00493A92 /* Build configuration list for PBXNativeTarget "FireBaseSample" */ = {
			isa = XCConfigurationList;
			buildConfigurations = (
				C164159529CC1A6F00493A92 /* Debug */,
				C164159629CC1A6F00493A92 /* Release */,
			);
			defaultConfigurationIsVisible = 0;
			defaultConfigurationName = Release;
		};
/* End XCConfigurationList section */

/* Begin XCRemoteSwiftPackageReference section */
		C1D6DB4729CD699D00070080 /* XCRemoteSwiftPackageReference "firebase-ios-sdk" */ = {
			isa = XCRemoteSwiftPackageReference;
			repositoryURL = "https://github.com/firebase/firebase-ios-sdk";
			requirement = {
				branch = master;
				kind = branch;
			};
		};
/* End XCRemoteSwiftPackageReference section */

/* Begin XCSwiftPackageProductDependency section */
		C1D6DB4829CD699D00070080 /* FirebaseAuth */ = {
			isa = XCSwiftPackageProductDependency;
			package = C1D6DB4729CD699D00070080 /* XCRemoteSwiftPackageReference "firebase-ios-sdk" */;
			productName = FirebaseAuth;
		};
/* End XCSwiftPackageProductDependency section */

/* Begin XCVersionGroup section */
		C164158929CC1A6C00493A92 /* FireBaseSample.xcdatamodeld */ = {
			isa = XCVersionGroup;
			children = (
				C164158A29CC1A6C00493A92 /* FireBaseSample.xcdatamodel */,
			);
			currentVersion = C164158A29CC1A6C00493A92 /* FireBaseSample.xcdatamodel */;
			path = FireBaseSample.xcdatamodeld;
			sourceTree = "<group>";
			versionGroupType = wrapper.xcdatamodel;
		};
/* End XCVersionGroup section */
	};
	rootObject = C164157529CC1A6B00493A92 /* Project object */;
}
